
Microsoft Visual Studio Solution File, Format Version 12.00
# Visual Studio 15
Project("{FAE04EC0-301F-11D3-BF4B-00C04F79EFBC}") = "Assembly-CSharp", "Assembly-CSharp.csproj", "{FC527B96-E6B5-9A59-2F4F-E98C12F0DD4A}"
EndProject
Project("{FAE04EC0-301F-11D3-BF4B-00C04F79EFBC}") = "NavMeshComponents", "NavMeshComponents.csproj", "{335EC38E-2032-CD69-6DA4-845B35FBC2D9}"
EndProject
Project("{FAE04EC0-301F-11D3-BF4B-00C04F79EFBC}") = "NavMeshComponentsEditor", "NavMeshComponentsEditor.csproj", "{E2D692D1-06FF-A25A-96AE-1F19113EB936}"
EndProject
Project("{FAE04EC0-301F-11D3-BF4B-00C04F79EFBC}") = "Assembly-CSharp-Editor", "Assembly-CSharp-Editor.csproj", "{7E0074D1-5D72-00B5-312F-08737B2D9A5C}"
EndProject
Global
	GlobalSection(SolutionConfigurationPlatforms) = preSolution
		Debug|Any CPU = Debug|Any CPU
		Release|Any CPU = Release|Any CPU
	EndGlobalSection
	GlobalSection(ProjectConfigurationPlatforms) = postSolution
		{FC527B96-E6B5-9A59-2F4F-E98C12F0DD4A}.Debug|Any CPU.ActiveCfg = Debug|Any CPU
		{FC527B96-E6B5-9A59-2F4F-E98C12F0DD4A}.Debug|Any CPU.Build.0 = Debug|Any CPU
		{FC527B96-E6B5-9A59-2F4F-E98C12F0DD4A}.Release|Any CPU.ActiveCfg = Release|Any CPU
		{FC527B96-E6B5-9A59-2F4F-E98C12F0DD4A}.Release|Any CPU.Build.0 = Release|Any CPU
		{335EC38E-2032-CD69-6DA4-845B35FBC2D9}.Debug|Any CPU.ActiveCfg = Debug|Any CPU
		{335EC38E-2032-CD69-6DA4-845B35FBC2D9}.Debug|Any CPU.Build.0 = Debug|Any CPU
		{335EC38E-2032-CD69-6DA4-845B35FBC2D9}.Release|Any CPU.ActiveCfg = Release|Any CPU
		{335EC38E-2032-CD69-6DA4-845B35FBC2D9}.Release|Any CPU.Build.0 = Release|Any CPU
		{E2D692D1-06FF-A25A-96AE-1F19113EB936}.Debug|Any CPU.ActiveCfg = Debug|Any CPU
		{E2D692D1-06FF-A25A-96AE-1F19113EB936}.Debug|Any CPU.Build.0 = Debug|Any CPU
		{E2D692D1-06FF-A25A-96AE-1F19113EB936}.Release|Any CPU.ActiveCfg = Release|Any CPU
		{E2D692D1-06FF-A25A-96AE-1F19113EB936}.Release|Any CPU.Build.0 = Release|Any CPU
		{7E0074D1-5D72-00B5-312F-08737B2D9A5C}.Debug|Any CPU.ActiveCfg = Debug|Any CPU
		{7E0074D1-5D72-00B5-312F-08737B2D9A5C}.Debug|Any CPU.Build.0 = Debug|Any CPU
		{7E0074D1-5D72-00B5-312F-08737B2D9A5C}.Release|Any CPU.ActiveCfg = Release|Any CPU
		{7E0074D1-5D72-00B5-312F-08737B2D9A5C}.Release|Any CPU.Build.0 = Release|Any CPU
	EndGlobalSection
	GlobalSection(SolutionProperties) = preSolution
		HideSolutionNode = FALSE
	EndGlobalSection
EndGlobal
